
Microsoft Visual Studio Solution File, Format Version 12.00
# Visual Studio 15
VisualStudioVersion = 15.0.27703.2042
MinimumVisualStudioVersion = 10.0.40219.1
Project("{9A19103F-16F7-4668-BE54-9A1E7A4F7556}") = "CalculatorUnitTests", "CalculatorUnitTests\CalculatorUnitTests.csproj", "{2971B8AC-EAAC-4BF7-9095-CAF58FEF4DC7}"
EndProject
Project("{FAE04EC0-301F-11D3-BF4B-00C04F79EFBC}") = "XUnitTestProject1", "XUnitTestProject1\XUnitTestProject1.csproj", "{9569A709-F324-47B0-8EFD-DA178C6A74D9}"
EndProject
Global
	GlobalSection(SolutionConfigurationPlatforms) = preSolution
		Debug|Any CPU = Debug|Any CPU
		Release|Any CPU = Release|Any CPU
	EndGlobalSection
	GlobalSection(ProjectConfigurationPlatforms) = postSolution
		{2971B8AC-EAAC-4BF7-9095-CAF58FEF4DC7}.Debug|Any CPU.ActiveCfg = Debug|Any CPU
		{2971B8AC-EAAC-4BF7-9095-CAF58FEF4DC7}.Debug|Any CPU.Build.0 = Debug|Any CPU
		{2971B8AC-EAAC-4BF7-9095-CAF58FEF4DC7}.Release|Any CPU.ActiveCfg = Release|Any CPU
		{2971B8AC-EAAC-4BF7-9095-CAF58FEF4DC7}.Release|Any CPU.Build.0 = Release|Any CPU
		{9569A709-F324-47B0-8EFD-DA178C6A74D9}.Debug|Any CPU.ActiveCfg = Debug|Any CPU
		{9569A709-F324-47B0-8EFD-DA178C6A74D9}.Debug|Any CPU.Build.0 = Debug|Any CPU
		{9569A709-F324-47B0-8EFD-DA178C6A74D9}.Release|Any CPU.ActiveCfg = Release|Any CPU
		{9569A709-F324-47B0-8EFD-DA178C6A74D9}.Release|Any CPU.Build.0 = Release|Any CPU
	EndGlobalSection
	GlobalSection(SolutionProperties) = preSolution
		HideSolutionNode = FALSE
	EndGlobalSection
	GlobalSection(ExtensibilityGlobals) = postSolution
		SolutionGuid = {F64F511F-3449-4FFA-B86A-6768BC681F75}
	EndGlobalSection
EndGlobal
